
Microsoft Visual Studio Solution File, Format Version 12.00
# Visual Studio Version 17
VisualStudioVersion = 17.0.31903.59
MinimumVisualStudioVersion = 10.0.40219.1
Project("{2150E333-8FDC-42A3-9474-1A3956D46DE8}") = "src", "src", "{827E0CD3-B72D-47B6-A68D-7590B98EB39B}"
EndProject
Project("{2150E333-8FDC-42A3-9474-1A3956D46DE8}") = "Services", "Services", "{984BB9B3-3FA3-BE33-9484-CAC21695A33C}"
EndProject
Project("{2150E333-8FDC-42A3-9474-1A3956D46DE8}") = "Cadastro", "Cadastro", "{3B07D2F3-5776-0FF8-30C7-B7226B42D827}"
EndProject
Project("{FAE04EC0-301F-11D3-BF4B-00C04F79EFBC}") = "EmployeeManagement.Cadastro.Domain", "src\Services\Cadastro\EmployeeManagement.Cadastro.Domain\EmployeeManagement.Cadastro.Domain.csproj", "{4E0068AB-CB6C-4C6A-8FA5-C890B22A9B0F}"
EndProject
Project("{FAE04EC0-301F-11D3-BF4B-00C04F79EFBC}") = "EmployeeManagement.Cadastro.Application", "src\Services\Cadastro\EmployeeManagement.Cadastro.Application\EmployeeManagement.Cadastro.Application.csproj", "{A9D5AB41-E8F7-49A2-A99F-7189F56CFD74}"
EndProject
Project("{FAE04EC0-301F-11D3-BF4B-00C04F79EFBC}") = "EmployeeManagement.Cadastro.Infrastructure", "src\Services\Cadastro\EmployeeManagement.Cadastro.Infrastructure\EmployeeManagement.Cadastro.Infrastructure.csproj", "{78991FFE-8253-4791-A144-0A4D3ACCCC3A}"
EndProject
Project("{FAE04EC0-301F-11D3-BF4B-00C04F79EFBC}") = "EmployeeManagement.Cadastro.API", "src\Services\Cadastro\EmployeeManagement.Cadastro.API\EmployeeManagement.Cadastro.API.csproj", "{57B8C2BA-6C3A-4F9D-ACBF-244AF5049878}"
EndProject
Project("{2150E333-8FDC-42A3-9474-1A3956D46DE8}") = "Ativacao", "Ativacao", "{74EEFA5E-15E2-2B7E-FF03-0AB3AE23D89C}"
EndProject
Project("{FAE04EC0-301F-11D3-BF4B-00C04F79EFBC}") = "EmployeeManagement.Ativacao.Domain", "src\Services\Ativacao\EmployeeManagement.Ativacao.Domain\EmployeeManagement.Ativacao.Domain.csproj", "{91D8E25C-219E-4878-8505-E9D25CF3EB3D}"
EndProject
Project("{FAE04EC0-301F-11D3-BF4B-00C04F79EFBC}") = "EmployeeManagement.Ativacao.Application", "src\Services\Ativacao\EmployeeManagement.Ativacao.Application\EmployeeManagement.Ativacao.Application.csproj", "{6F3DC80A-15E8-4C73-885D-692BF0746004}"
EndProject
Project("{FAE04EC0-301F-11D3-BF4B-00C04F79EFBC}") = "EmployeeManagement.Ativacao.Infrastructure", "src\Services\Ativacao\EmployeeManagement.Ativacao.Infrastructure\EmployeeManagement.Ativacao.Infrastructure.csproj", "{F1136F0A-4124-4266-B91D-4BD05713BA26}"
EndProject
Project("{FAE04EC0-301F-11D3-BF4B-00C04F79EFBC}") = "EmployeeManagement.Ativacao.Worker", "src\Services\Ativacao\EmployeeManagement.Ativacao.Worker\EmployeeManagement.Ativacao.Worker.csproj", "{AB3D17BA-ACBF-4264-BA22-58B32C29F411}"
EndProject
Project("{2150E333-8FDC-42A3-9474-1A3956D46DE8}") = "Notificacoes", "Notificacoes", "{D7B78761-57BB-11A7-988C-B24A090C05B1}"
EndProject
Project("{FAE04EC0-301F-11D3-BF4B-00C04F79EFBC}") = "EmployeeManagement.Notificacoes.Domain", "src\Services\Notificacoes\EmployeeManagement.Notificacoes.Domain\EmployeeManagement.Notificacoes.Domain.csproj", "{54F0D852-88DC-4C61-ABFE-38CD48993B00}"
EndProject
Project("{FAE04EC0-301F-11D3-BF4B-00C04F79EFBC}") = "EmployeeManagement.Notificacoes.Application", "src\Services\Notificacoes\EmployeeManagement.Notificacoes.Application\EmployeeManagement.Notificacoes.Application.csproj", "{9AEAB38E-2980-4904-8AA5-8216187A32C9}"
EndProject
Project("{FAE04EC0-301F-11D3-BF4B-00C04F79EFBC}") = "EmployeeManagement.Notificacoes.Infrastructure", "src\Services\Notificacoes\EmployeeManagement.Notificacoes.Infrastructure\EmployeeManagement.Notificacoes.Infrastructure.csproj", "{7BA51A1B-AFFD-4776-97E7-E30C20569D26}"
EndProject
Project("{FAE04EC0-301F-11D3-BF4B-00C04F79EFBC}") = "EmployeeManagement.Notificacoes.API", "src\Services\Notificacoes\EmployeeManagement.Notificacoes.API\EmployeeManagement.Notificacoes.API.csproj", "{FE604A76-BF4A-4557-9026-08E8E089CF64}"
EndProject
Project("{2150E333-8FDC-42A3-9474-1A3956D46DE8}") = "tests", "tests", "{0AB3BF05-4346-4AA6-1389-037BE0695223}"
EndProject
Project("{2150E333-8FDC-42A3-9474-1A3956D46DE8}") = "Cadastro.Tests", "Cadastro.Tests", "{EAA02537-2391-F394-2EBF-A0BA85641BE0}"
EndProject
Project("{FAE04EC0-301F-11D3-BF4B-00C04F79EFBC}") = "EmployeeManagement.Cadastro.Tests", "tests\Cadastro.Tests\EmployeeManagement.Cadastro.Tests.csproj", "{BEBFB9EC-DEE8-4EC3-98AD-6D25A89425B1}"
EndProject
Project("{FAE04EC0-301F-11D3-BF4B-00C04F79EFBC}") = "EmployeeManagement.Ativacao.Tests", "tests\Ativacao.Tests\EmployeeManagement.Ativacao.Tests.csproj", "{B1DB3D5E-AC27-4220-9ED8-5F1BB5CEAB20}"
EndProject
Project("{FAE04EC0-301F-11D3-BF4B-00C04F79EFBC}") = "EmployeeManagement.Notificacoes.Tests", "tests\Notificacoes.Tests\EmployeeManagement.Notificacoes.Tests.csproj", "{89EC5A73-B22D-4F94-B236-98D7371A06AE}"
EndProject
Global
	GlobalSection(SolutionConfigurationPlatforms) = preSolution
		Debug|Any CPU = Debug|Any CPU
		Debug|x64 = Debug|x64
		Debug|x86 = Debug|x86
		Release|Any CPU = Release|Any CPU
		Release|x64 = Release|x64
		Release|x86 = Release|x86
	EndGlobalSection
	GlobalSection(ProjectConfigurationPlatforms) = postSolution
		{4E0068AB-CB6C-4C6A-8FA5-C890B22A9B0F}.Debug|Any CPU.ActiveCfg = Debug|Any CPU
		{4E0068AB-CB6C-4C6A-8FA5-C890B22A9B0F}.Debug|Any CPU.Build.0 = Debug|Any CPU
		{4E0068AB-CB6C-4C6A-8FA5-C890B22A9B0F}.Debug|x64.ActiveCfg = Debug|Any CPU
		{4E0068AB-CB6C-4C6A-8FA5-C890B22A9B0F}.Debug|x64.Build.0 = Debug|Any CPU
		{4E0068AB-CB6C-4C6A-8FA5-C890B22A9B0F}.Debug|x86.ActiveCfg = Debug|Any CPU
		{4E0068AB-CB6C-4C6A-8FA5-C890B22A9B0F}.Debug|x86.Build.0 = Debug|Any CPU
		{4E0068AB-CB6C-4C6A-8FA5-C890B22A9B0F}.Release|Any CPU.ActiveCfg = Release|Any CPU
		{4E0068AB-CB6C-4C6A-8FA5-C890B22A9B0F}.Release|Any CPU.Build.0 = Release|Any CPU
		{4E0068AB-CB6C-4C6A-8FA5-C890B22A9B0F}.Release|x64.ActiveCfg = Release|Any CPU
		{4E0068AB-CB6C-4C6A-8FA5-C890B22A9B0F}.Release|x64.Build.0 = Release|Any CPU
		{4E0068AB-CB6C-4C6A-8FA5-C890B22A9B0F}.Release|x86.ActiveCfg = Release|Any CPU
		{4E0068AB-CB6C-4C6A-8FA5-C890B22A9B0F}.Release|x86.Build.0 = Release|Any CPU
		{A9D5AB41-E8F7-49A2-A99F-7189F56CFD74}.Debug|Any CPU.ActiveCfg = Debug|Any CPU
		{A9D5AB41-E8F7-49A2-A99F-7189F56CFD74}.Debug|Any CPU.Build.0 = Debug|Any CPU
		{A9D5AB41-E8F7-49A2-A99F-7189F56CFD74}.Debug|x64.ActiveCfg = Debug|Any CPU
		{A9D5AB41-E8F7-49A2-A99F-7189F56CFD74}.Debug|x64.Build.0 = Debug|Any CPU
		{A9D5AB41-E8F7-49A2-A99F-7189F56CFD74}.Debug|x86.ActiveCfg = Debug|Any CPU
		{A9D5AB41-E8F7-49A2-A99F-7189F56CFD74}.Debug|x86.Build.0 = Debug|Any CPU
		{A9D5AB41-E8F7-49A2-A99F-7189F56CFD74}.Release|Any CPU.ActiveCfg = Release|Any CPU
		{A9D5AB41-E8F7-49A2-A99F-7189F56CFD74}.Release|Any CPU.Build.0 = Release|Any CPU
		{A9D5AB41-E8F7-49A2-A99F-7189F56CFD74}.Release|x64.ActiveCfg = Release|Any CPU
		{A9D5AB41-E8F7-49A2-A99F-7189F56CFD74}.Release|x64.Build.0 = Release|Any CPU
		{A9D5AB41-E8F7-49A2-A99F-7189F56CFD74}.Release|x86.ActiveCfg = Release|Any CPU
		{A9D5AB41-E8F7-49A2-A99F-7189F56CFD74}.Release|x86.Build.0 = Release|Any CPU
		{78991FFE-8253-4791-A144-0A4D3ACCCC3A}.Debug|Any CPU.ActiveCfg = Debug|Any CPU
		{78991FFE-8253-4791-A144-0A4D3ACCCC3A}.Debug|Any CPU.Build.0 = Debug|Any CPU
		{78991FFE-8253-4791-A144-0A4D3ACCCC3A}.Debug|x64.ActiveCfg = Debug|Any CPU
		{78991FFE-8253-4791-A144-0A4D3ACCCC3A}.Debug|x64.Build.0 = Debug|Any CPU
		{78991FFE-8253-4791-A144-0A4D3ACCCC3A}.Debug|x86.ActiveCfg = Debug|Any CPU
		{78991FFE-8253-4791-A144-0A4D3ACCCC3A}.Debug|x86.Build.0 = Debug|Any CPU
		{78991FFE-8253-4791-A144-0A4D3ACCCC3A}.Release|Any CPU.ActiveCfg = Release|Any CPU
		{78991FFE-8253-4791-A144-0A4D3ACCCC3A}.Release|Any CPU.Build.0 = Release|Any CPU
		{78991FFE-8253-4791-A144-0A4D3ACCCC3A}.Release|x64.ActiveCfg = Release|Any CPU
		{78991FFE-8253-4791-A144-0A4D3ACCCC3A}.Release|x64.Build.0 = Release|Any CPU
		{78991FFE-8253-4791-A144-0A4D3ACCCC3A}.Release|x86.ActiveCfg = Release|Any CPU
		{78991FFE-8253-4791-A144-0A4D3ACCCC3A}.Release|x86.Build.0 = Release|Any CPU
		{57B8C2BA-6C3A-4F9D-ACBF-244AF5049878}.Debug|Any CPU.ActiveCfg = Debug|Any CPU
		{57B8C2BA-6C3A-4F9D-ACBF-244AF5049878}.Debug|Any CPU.Build.0 = Debug|Any CPU
		{57B8C2BA-6C3A-4F9D-ACBF-244AF5049878}.Debug|x64.ActiveCfg = Debug|Any CPU
		{57B8C2BA-6C3A-4F9D-ACBF-244AF5049878}.Debug|x64.Build.0 = Debug|Any CPU
		{57B8C2BA-6C3A-4F9D-ACBF-244AF5049878}.Debug|x86.ActiveCfg = Debug|Any CPU
		{57B8C2BA-6C3A-4F9D-ACBF-244AF5049878}.Debug|x86.Build.0 = Debug|Any CPU
		{57B8C2BA-6C3A-4F9D-ACBF-244AF5049878}.Release|Any CPU.ActiveCfg = Release|Any CPU
		{57B8C2BA-6C3A-4F9D-ACBF-244AF5049878}.Release|Any CPU.Build.0 = Release|Any CPU
		{57B8C2BA-6C3A-4F9D-ACBF-244AF5049878}.Release|x64.ActiveCfg = Release|Any CPU
		{57B8C2BA-6C3A-4F9D-ACBF-244AF5049878}.Release|x64.Build.0 = Release|Any CPU
		{57B8C2BA-6C3A-4F9D-ACBF-244AF5049878}.Release|x86.ActiveCfg = Release|Any CPU
		{57B8C2BA-6C3A-4F9D-ACBF-244AF5049878}.Release|x86.Build.0 = Release|Any CPU
		{91D8E25C-219E-4878-8505-E9D25CF3EB3D}.Debug|Any CPU.ActiveCfg = Debug|Any CPU
		{91D8E25C-219E-4878-8505-E9D25CF3EB3D}.Debug|Any CPU.Build.0 = Debug|Any CPU
		{91D8E25C-219E-4878-8505-E9D25CF3EB3D}.Debug|x64.ActiveCfg = Debug|Any CPU
		{91D8E25C-219E-4878-8505-E9D25CF3EB3D}.Debug|x64.Build.0 = Debug|Any CPU
		{91D8E25C-219E-4878-8505-E9D25CF3EB3D}.Debug|x86.ActiveCfg = Debug|Any CPU
		{91D8E25C-219E-4878-8505-E9D25CF3EB3D}.Debug|x86.Build.0 = Debug|Any CPU
		{91D8E25C-219E-4878-8505-E9D25CF3EB3D}.Release|Any CPU.ActiveCfg = Release|Any CPU
		{91D8E25C-219E-4878-8505-E9D25CF3EB3D}.Release|Any CPU.Build.0 = Release|Any CPU
		{91D8E25C-219E-4878-8505-E9D25CF3EB3D}.Release|x64.ActiveCfg = Release|Any CPU
		{91D8E25C-219E-4878-8505-E9D25CF3EB3D}.Release|x64.Build.0 = Release|Any CPU
		{91D8E25C-219E-4878-8505-E9D25CF3EB3D}.Release|x86.ActiveCfg = Release|Any CPU
		{91D8E25C-219E-4878-8505-E9D25CF3EB3D}.Release|x86.Build.0 = Release|Any CPU
		{6F3DC80A-15E8-4C73-885D-692BF0746004}.Debug|Any CPU.ActiveCfg = Debug|Any CPU
		{6F3DC80A-15E8-4C73-885D-692BF0746004}.Debug|Any CPU.Build.0 = Debug|Any CPU
		{6F3DC80A-15E8-4C73-885D-692BF0746004}.Debug|x64.ActiveCfg = Debug|Any CPU
		{6F3DC80A-15E8-4C73-885D-692BF0746004}.Debug|x64.Build.0 = Debug|Any CPU
		{6F3DC80A-15E8-4C73-885D-692BF0746004}.Debug|x86.ActiveCfg = Debug|Any CPU
		{6F3DC80A-15E8-4C73-885D-692BF0746004}.Debug|x86.Build.0 = Debug|Any CPU
		{6F3DC80A-15E8-4C73-885D-692BF0746004}.Release|Any CPU.ActiveCfg = Release|Any CPU
		{6F3DC80A-15E8-4C73-885D-692BF0746004}.Release|Any CPU.Build.0 = Release|Any CPU
		{6F3DC80A-15E8-4C73-885D-692BF0746004}.Release|x64.ActiveCfg = Release|Any CPU
		{6F3DC80A-15E8-4C73-885D-692BF0746004}.Release|x64.Build.0 = Release|Any CPU
		{6F3DC80A-15E8-4C73-885D-692BF0746004}.Release|x86.ActiveCfg = Release|Any CPU
		{6F3DC80A-15E8-4C73-885D-692BF0746004}.Release|x86.Build.0 = Release|Any CPU
		{F1136F0A-4124-4266-B91D-4BD05713BA26}.Debug|Any CPU.ActiveCfg = Debug|Any CPU
		{F1136F0A-4124-4266-B91D-4BD05713BA26}.Debug|Any CPU.Build.0 = Debug|Any CPU
		{F1136F0A-4124-4266-B91D-4BD05713BA26}.Debug|x64.ActiveCfg = Debug|Any CPU
		{F1136F0A-4124-4266-B91D-4BD05713BA26}.Debug|x64.Build.0 = Debug|Any CPU
		{F1136F0A-4124-4266-B91D-4BD05713BA26}.Debug|x86.ActiveCfg = Debug|Any CPU
		{F1136F0A-4124-4266-B91D-4BD05713BA26}.Debug|x86.Build.0 = Debug|Any CPU
		{F1136F0A-4124-4266-B91D-4BD05713BA26}.Release|Any CPU.ActiveCfg = Release|Any CPU
		{F1136F0A-4124-4266-B91D-4BD05713BA26}.Release|Any CPU.Build.0 = Release|Any CPU
		{F1136F0A-4124-4266-B91D-4BD05713BA26}.Release|x64.ActiveCfg = Release|Any CPU
		{F1136F0A-4124-4266-B91D-4BD05713BA26}.Release|x64.Build.0 = Release|Any CPU
		{F1136F0A-4124-4266-B91D-4BD05713BA26}.Release|x86.ActiveCfg = Release|Any CPU
		{F1136F0A-4124-4266-B91D-4BD05713BA26}.Release|x86.Build.0 = Release|Any CPU
		{AB3D17BA-ACBF-4264-BA22-58B32C29F411}.Debug|Any CPU.ActiveCfg = Debug|Any CPU
		{AB3D17BA-ACBF-4264-BA22-58B32C29F411}.Debug|Any CPU.Build.0 = Debug|Any CPU
		{AB3D17BA-ACBF-4264-BA22-58B32C29F411}.Debug|x64.ActiveCfg = Debug|Any CPU
		{AB3D17BA-ACBF-4264-BA22-58B32C29F411}.Debug|x64.Build.0 = Debug|Any CPU
		{AB3D17BA-ACBF-4264-BA22-58B32C29F411}.Debug|x86.ActiveCfg = Debug|Any CPU
		{AB3D17BA-ACBF-4264-BA22-58B32C29F411}.Debug|x86.Build.0 = Debug|Any CPU
		{AB3D17BA-ACBF-4264-BA22-58B32C29F411}.Release|Any CPU.ActiveCfg = Release|Any CPU
		{AB3D17BA-ACBF-4264-BA22-58B32C29F411}.Release|Any CPU.Build.0 = Release|Any CPU
		{AB3D17BA-ACBF-4264-BA22-58B32C29F411}.Release|x64.ActiveCfg = Release|Any CPU
		{AB3D17BA-ACBF-4264-BA22-58B32C29F411}.Release|x64.Build.0 = Release|Any CPU
		{AB3D17BA-ACBF-4264-BA22-58B32C29F411}.Release|x86.ActiveCfg = Release|Any CPU
		{AB3D17BA-ACBF-4264-BA22-58B32C29F411}.Release|x86.Build.0 = Release|Any CPU
		{54F0D852-88DC-4C61-ABFE-38CD48993B00}.Debug|Any CPU.ActiveCfg = Debug|Any CPU
		{54F0D852-88DC-4C61-ABFE-38CD48993B00}.Debug|Any CPU.Build.0 = Debug|Any CPU
		{54F0D852-88DC-4C61-ABFE-38CD48993B00}.Debug|x64.ActiveCfg = Debug|Any CPU
		{54F0D852-88DC-4C61-ABFE-38CD48993B00}.Debug|x64.Build.0 = Debug|Any CPU
		{54F0D852-88DC-4C61-ABFE-38CD48993B00}.Debug|x86.ActiveCfg = Debug|Any CPU
		{54F0D852-88DC-4C61-ABFE-38CD48993B00}.Debug|x86.Build.0 = Debug|Any CPU
		{54F0D852-88DC-4C61-ABFE-38CD48993B00}.Release|Any CPU.ActiveCfg = Release|Any CPU
		{54F0D852-88DC-4C61-ABFE-38CD48993B00}.Release|Any CPU.Build.0 = Release|Any CPU
		{54F0D852-88DC-4C61-ABFE-38CD48993B00}.Release|x64.ActiveCfg = Release|Any CPU
		{54F0D852-88DC-4C61-ABFE-38CD48993B00}.Release|x64.Build.0 = Release|Any CPU
		{54F0D852-88DC-4C61-ABFE-38CD48993B00}.Release|x86.ActiveCfg = Release|Any CPU
		{54F0D852-88DC-4C61-ABFE-38CD48993B00}.Release|x86.Build.0 = Release|Any CPU
		{9AEAB38E-2980-4904-8AA5-8216187A32C9}.Debug|Any CPU.ActiveCfg = Debug|Any CPU
		{9AEAB38E-2980-4904-8AA5-8216187A32C9}.Debug|Any CPU.Build.0 = Debug|Any CPU
		{9AEAB38E-2980-4904-8AA5-8216187A32C9}.Debug|x64.ActiveCfg = Debug|Any CPU
		{9AEAB38E-2980-4904-8AA5-8216187A32C9}.Debug|x64.Build.0 = Debug|Any CPU
		{9AEAB38E-2980-4904-8AA5-8216187A32C9}.Debug|x86.ActiveCfg = Debug|Any CPU
		{9AEAB38E-2980-4904-8AA5-8216187A32C9}.Debug|x86.Build.0 = Debug|Any CPU
		{9AEAB38E-2980-4904-8AA5-8216187A32C9}.Release|Any CPU.ActiveCfg = Release|Any CPU
		{9AEAB38E-2980-4904-8AA5-8216187A32C9}.Release|Any CPU.Build.0 = Release|Any CPU
		{9AEAB38E-2980-4904-8AA5-8216187A32C9}.Release|x64.ActiveCfg = Release|Any CPU
		{9AEAB38E-2980-4904-8AA5-8216187A32C9}.Release|x64.Build.0 = Release|Any CPU
		{9AEAB38E-2980-4904-8AA5-8216187A32C9}.Release|x86.ActiveCfg = Release|Any CPU
		{9AEAB38E-2980-4904-8AA5-8216187A32C9}.Release|x86.Build.0 = Release|Any CPU
		{7BA51A1B-AFFD-4776-97E7-E30C20569D26}.Debug|Any CPU.ActiveCfg = Debug|Any CPU
		{7BA51A1B-AFFD-4776-97E7-E30C20569D26}.Debug|Any CPU.Build.0 = Debug|Any CPU
		{7BA51A1B-AFFD-4776-97E7-E30C20569D26}.Debug|x64.ActiveCfg = Debug|Any CPU
		{7BA51A1B-AFFD-4776-97E7-E30C20569D26}.Debug|x64.Build.0 = Debug|Any CPU
		{7BA51A1B-AFFD-4776-97E7-E30C20569D26}.Debug|x86.ActiveCfg = Debug|Any CPU
		{7BA51A1B-AFFD-4776-97E7-E30C20569D26}.Debug|x86.Build.0 = Debug|Any CPU
		{7BA51A1B-AFFD-4776-97E7-E30C20569D26}.Release|Any CPU.ActiveCfg = Release|Any CPU
		{7BA51A1B-AFFD-4776-97E7-E30C20569D26}.Release|Any CPU.Build.0 = Release|Any CPU
		{7BA51A1B-AFFD-4776-97E7-E30C20569D26}.Release|x64.ActiveCfg = Release|Any CPU
		{7BA51A1B-AFFD-4776-97E7-E30C20569D26}.Release|x64.Build.0 = Release|Any CPU
		{7BA51A1B-AFFD-4776-97E7-E30C20569D26}.Release|x86.ActiveCfg = Release|Any CPU
		{7BA51A1B-AFFD-4776-97E7-E30C20569D26}.Release|x86.Build.0 = Release|Any CPU
		{FE604A76-BF4A-4557-9026-08E8E089CF64}.Debug|Any CPU.ActiveCfg = Debug|Any CPU
		{FE604A76-BF4A-4557-9026-08E8E089CF64}.Debug|Any CPU.Build.0 = Debug|Any CPU
		{FE604A76-BF4A-4557-9026-08E8E089CF64}.Debug|x64.ActiveCfg = Debug|Any CPU
		{FE604A76-BF4A-4557-9026-08E8E089CF64}.Debug|x64.Build.0 = Debug|Any CPU
		{FE604A76-BF4A-4557-9026-08E8E089CF64}.Debug|x86.ActiveCfg = Debug|Any CPU
		{FE604A76-BF4A-4557-9026-08E8E089CF64}.Debug|x86.Build.0 = Debug|Any CPU
		{FE604A76-BF4A-4557-9026-08E8E089CF64}.Release|Any CPU.ActiveCfg = Release|Any CPU
		{FE604A76-BF4A-4557-9026-08E8E089CF64}.Release|Any CPU.Build.0 = Release|Any CPU
		{FE604A76-BF4A-4557-9026-08E8E089CF64}.Release|x64.ActiveCfg = Release|Any CPU
		{FE604A76-BF4A-4557-9026-08E8E089CF64}.Release|x64.Build.0 = Release|Any CPU
		{FE604A76-BF4A-4557-9026-08E8E089CF64}.Release|x86.ActiveCfg = Release|Any CPU
		{FE604A76-BF4A-4557-9026-08E8E089CF64}.Release|x86.Build.0 = Release|Any CPU
		{BEBFB9EC-DEE8-4EC3-98AD-6D25A89425B1}.Debug|Any CPU.ActiveCfg = Debug|Any CPU
		{BEBFB9EC-DEE8-4EC3-98AD-6D25A89425B1}.Debug|Any CPU.Build.0 = Debug|Any CPU
		{BEBFB9EC-DEE8-4EC3-98AD-6D25A89425B1}.Debug|x64.ActiveCfg = Debug|Any CPU
		{BEBFB9EC-DEE8-4EC3-98AD-6D25A89425B1}.Debug|x64.Build.0 = Debug|Any CPU
		{BEBFB9EC-DEE8-4EC3-98AD-6D25A89425B1}.Debug|x86.ActiveCfg = Debug|Any CPU
		{BEBFB9EC-DEE8-4EC3-98AD-6D25A89425B1}.Debug|x86.Build.0 = Debug|Any CPU
		{BEBFB9EC-DEE8-4EC3-98AD-6D25A89425B1}.Release|Any CPU.ActiveCfg = Release|Any CPU
		{BEBFB9EC-DEE8-4EC3-98AD-6D25A89425B1}.Release|Any CPU.Build.0 = Release|Any CPU
		{BEBFB9EC-DEE8-4EC3-98AD-6D25A89425B1}.Release|x64.ActiveCfg = Release|Any CPU
		{BEBFB9EC-DEE8-4EC3-98AD-6D25A89425B1}.Release|x64.Build.0 = Release|Any CPU
		{BEBFB9EC-DEE8-4EC3-98AD-6D25A89425B1}.Release|x86.ActiveCfg = Release|Any CPU
		{BEBFB9EC-DEE8-4EC3-98AD-6D25A89425B1}.Release|x86.Build.0 = Release|Any CPU
		{B1DB3D5E-AC27-4220-9ED8-5F1BB5CEAB20}.Debug|Any CPU.ActiveCfg = Debug|Any CPU
		{B1DB3D5E-AC27-4220-9ED8-5F1BB5CEAB20}.Debug|Any CPU.Build.0 = Debug|Any CPU
		{B1DB3D5E-AC27-4220-9ED8-5F1BB5CEAB20}.Debug|x64.ActiveCfg = Debug|Any CPU
		{B1DB3D5E-AC27-4220-9ED8-5F1BB5CEAB20}.Debug|x64.Build.0 = Debug|Any CPU
		{B1DB3D5E-AC27-4220-9ED8-5F1BB5CEAB20}.Debug|x86.ActiveCfg = Debug|Any CPU
		{B1DB3D5E-AC27-4220-9ED8-5F1BB5CEAB20}.Debug|x86.Build.0 = Debug|Any CPU
		{B1DB3D5E-AC27-4220-9ED8-5F1BB5CEAB20}.Release|Any CPU.ActiveCfg = Release|Any CPU
		{B1DB3D5E-AC27-4220-9ED8-5F1BB5CEAB20}.Release|Any CPU.Build.0 = Release|Any CPU
		{B1DB3D5E-AC27-4220-9ED8-5F1BB5CEAB20}.Release|x64.ActiveCfg = Release|Any CPU
		{B1DB3D5E-AC27-4220-9ED8-5F1BB5CEAB20}.Release|x64.Build.0 = Release|Any CPU
		{B1DB3D5E-AC27-4220-9ED8-5F1BB5CEAB20}.Release|x86.ActiveCfg = Release|Any CPU
		{B1DB3D5E-AC27-4220-9ED8-5F1BB5CEAB20}.Release|x86.Build.0 = Release|Any CPU
		{89EC5A73-B22D-4F94-B236-98D7371A06AE}.Debug|Any CPU.ActiveCfg = Debug|Any CPU
		{89EC5A73-B22D-4F94-B236-98D7371A06AE}.Debug|Any CPU.Build.0 = Debug|Any CPU
		{89EC5A73-B22D-4F94-B236-98D7371A06AE}.Debug|x64.ActiveCfg = Debug|Any CPU
		{89EC5A73-B22D-4F94-B236-98D7371A06AE}.Debug|x64.Build.0 = Debug|Any CPU
		{89EC5A73-B22D-4F94-B236-98D7371A06AE}.Debug|x86.ActiveCfg = Debug|Any CPU
		{89EC5A73-B22D-4F94-B236-98D7371A06AE}.Debug|x86.Build.0 = Debug|Any CPU
		{89EC5A73-B22D-4F94-B236-98D7371A06AE}.Release|Any CPU.ActiveCfg = Release|Any CPU
		{89EC5A73-B22D-4F94-B236-98D7371A06AE}.Release|Any CPU.Build.0 = Release|Any CPU
		{89EC5A73-B22D-4F94-B236-98D7371A06AE}.Release|x64.ActiveCfg = Release|Any CPU
		{89EC5A73-B22D-4F94-B236-98D7371A06AE}.Release|x64.Build.0 = Release|Any CPU
		{89EC5A73-B22D-4F94-B236-98D7371A06AE}.Release|x86.ActiveCfg = Release|Any CPU
		{89EC5A73-B22D-4F94-B236-98D7371A06AE}.Release|x86.Build.0 = Release|Any CPU
	EndGlobalSection
	GlobalSection(SolutionProperties) = preSolution
		HideSolutionNode = FALSE
	EndGlobalSection
	GlobalSection(NestedProjects) = preSolution
		{984BB9B3-3FA3-BE33-9484-CAC21695A33C} = {827E0CD3-B72D-47B6-A68D-7590B98EB39B}
		{3B07D2F3-5776-0FF8-30C7-B7226B42D827} = {984BB9B3-3FA3-BE33-9484-CAC21695A33C}
		{4E0068AB-CB6C-4C6A-8FA5-C890B22A9B0F} = {3B07D2F3-5776-0FF8-30C7-B7226B42D827}
		{A9D5AB41-E8F7-49A2-A99F-7189F56CFD74} = {3B07D2F3-5776-0FF8-30C7-B7226B42D827}
		{78991FFE-8253-4791-A144-0A4D3ACCCC3A} = {3B07D2F3-5776-0FF8-30C7-B7226B42D827}
		{57B8C2BA-6C3A-4F9D-ACBF-244AF5049878} = {3B07D2F3-5776-0FF8-30C7-B7226B42D827}
		{74EEFA5E-15E2-2B7E-FF03-0AB3AE23D89C} = {984BB9B3-3FA3-BE33-9484-CAC21695A33C}
		{91D8E25C-219E-4878-8505-E9D25CF3EB3D} = {74EEFA5E-15E2-2B7E-FF03-0AB3AE23D89C}
		{6F3DC80A-15E8-4C73-885D-692BF0746004} = {74EEFA5E-15E2-2B7E-FF03-0AB3AE23D89C}
		{F1136F0A-4124-4266-B91D-4BD05713BA26} = {74EEFA5E-15E2-2B7E-FF03-0AB3AE23D89C}
		{AB3D17BA-ACBF-4264-BA22-58B32C29F411} = {74EEFA5E-15E2-2B7E-FF03-0AB3AE23D89C}
		{D7B78761-57BB-11A7-988C-B24A090C05B1} = {984BB9B3-3FA3-BE33-9484-CAC21695A33C}
		{54F0D852-88DC-4C61-ABFE-38CD48993B00} = {D7B78761-57BB-11A7-988C-B24A090C05B1}
		{9AEAB38E-2980-4904-8AA5-8216187A32C9} = {D7B78761-57BB-11A7-988C-B24A090C05B1}
		{7BA51A1B-AFFD-4776-97E7-E30C20569D26} = {D7B78761-57BB-11A7-988C-B24A090C05B1}
		{FE604A76-BF4A-4557-9026-08E8E089CF64} = {D7B78761-57BB-11A7-988C-B24A090C05B1}
		{EAA02537-2391-F394-2EBF-A0BA85641BE0} = {0AB3BF05-4346-4AA6-1389-037BE0695223}
		{BEBFB9EC-DEE8-4EC3-98AD-6D25A89425B1} = {EAA02537-2391-F394-2EBF-A0BA85641BE0}
		{B1DB3D5E-AC27-4220-9ED8-5F1BB5CEAB20} = {EAA02537-2391-F394-2EBF-A0BA85641BE0}
		{89EC5A73-B22D-4F94-B236-98D7371A06AE} = {EAA02537-2391-F394-2EBF-A0BA85641BE0}
	EndGlobalSection
EndGlobal
